
Microsoft Visual Studio Solution File, Format Version 12.00
# Visual Studio Version 17
VisualStudioVersion = 17.14.36518.9
MinimumVisualStudioVersion = 10.0.40219.1
Project("{FAE04EC0-301F-11D3-BF4B-00C04F79EFBC}") = "FP", "FP.csproj", "{2B20B199-B895-4FD2-9118-38D765347C60}"
EndProject
Global
	GlobalSection(SolutionConfigurationPlatforms) = preSolution
		Debug|Any CPU = Debug|Any CPU
		Release|Any CPU = Release|Any CPU
	EndGlobalSection
	GlobalSection(ProjectConfigurationPlatforms) = postSolution
		{2B20B199-B895-4FD2-9118-38D765347C60}.Debug|Any CPU.ActiveCfg = Debug|Any CPU
		{2B20B199-B895-4FD2-9118-38D765347C60}.Debug|Any CPU.Build.0 = Debug|Any CPU
		{2B20B199-B895-4FD2-9118-38D765347C60}.Release|Any CPU.ActiveCfg = Release|Any CPU
		{2B20B199-B895-4FD2-9118-38D765347C60}.Release|Any CPU.Build.0 = Release|Any CPU
	EndGlobalSection
	GlobalSection(SolutionProperties) = preSolution
		HideSolutionNode = FALSE
	EndGlobalSection
	GlobalSection(ExtensibilityGlobals) = postSolution
		SolutionGuid = {69A3CFF5-1606-4C52-B0F5-D46E7ACCFFC4}
	EndGlobalSection
EndGlobal
